{
    "_meta": {
        "hash": {
            "sha256": "6bfa6a40e593d64d1765d3da9de848d5000b055856f815592605deb00a0803fa"
        },
        "pipfile-spec": 6,
        "requires": {
            "python_version": "3.7"
        },
        "sources": [
            {
                "name": "pypi",
                "url": "https://pypi.org/simple",
                "verify_ssl": true
            }
        ]
    },
    "default": {
        "diff-match-patch": {
            "hashes": [
                "sha256:9dba5611fbf27893347349fd51cc1911cb403682a7163373adacc565d11e2e4c"
            ],
            "version": "==20121119"
        },
        "six": {
            "hashes": [
                "sha256:70e8a77beed4562e7f14fe23a786b54f6296e34344c23bc42f07b15018ff98e9",
                "sha256:832dc0e10feb1aa2c68dcc57dbb658f1c7e65b9b61af69048abc87a2db00a0eb"
            ],
            "version": "==1.11.0"
        },
        "translate-toolkit": {
            "hashes": [
                "sha256:763325a419fdf2d5429e24bad42f33bccca7eb58279f57ddd742c4c3ea794ccb"
            ],
            "index": "pypi",
            "version": "==2.3.0"
        }
    },
    "develop": {}
}
